// !$*UTF8*$!
{
	archiveVersion = 1;
	classes = {
	};
	objectVersion = 50;
	objects = {

/* Begin PBXBuildFile section */
		95FD425321AE71E2004082DA /* AppDelegate.m in Sources */ = {isa = PBXBuildFile; fileRef = 95FD425221AE71E2004082DA /* AppDelegate.m */; };
		95FD425621AE71E3004082DA /* ViewController.m in Sources */ = {isa = PBXBuildFile; fileRef = 95FD425521AE71E3004082DA /* ViewController.m */; };
		95FD425921AE71E3004082DA /* Main.storyboard in Resources */ = {isa = PBXBuildFile; fileRef = 95FD425721AE71E3004082DA /* Main.storyboard */; };
		95FD425B21AE7223004082DA /* Assets.xcassets in Resources */ = {isa = PBXBuildFile; fileRef = 95FD425A21AE7223004082DA /* Assets.xcassets */; };
		95FD425E21AE7223004082DA /* LaunchScreen.storyboard in Resources */ = {isa = PBXBuildFile; fileRef = 95FD425C21AE7223004082DA /* LaunchScreen.storyboard */; };
		95FD426121AE7223004082DA /* main.m in Sources */ = {isa = PBXBuildFile; fileRef = 95FD426021AE7223004082DA /* main.m */; };
		95FD426921AE74A1004082DA /* UIView+SubtractMask.m in Sources */ = {isa = PBXBuildFile; fileRef = 95FD426821AE74A1004082DA /* UIView+SubtractMask.m */; };
/* End PBXBuildFile section */

/* Begin PBXFileReference section */
		95FD424E21AE71E2004082DA /* HollowOutDemo.app */ = {isa = PBXFileReference; explicitFileType = wrapper.application; includeInIndex = 0; path = HollowOutDemo.app; sourceTree = BUILT_PRODUCTS_DIR; };
		95FD425121AE71E2004082DA /* AppDelegate.h */ = {isa = PBXFileReference; lastKnownFileType = sourcecode.c.h; path = AppDelegate.h; sourceTree = "<group>"; };
		95FD425221AE71E2004082DA /* AppDelegate.m */ = {isa = PBXFileReference; lastKnownFileType = sourcecode.c.objc; path = AppDelegate.m; sourceTree = "<group>"; };
		95FD425421AE71E2004082DA /* ViewController.h */ = {isa = PBXFileReference; lastKnownFileType = sourcecode.c.h; path = ViewController.h; sourceTree = "<group>"; };
		95FD425521AE71E3004082DA /* ViewController.m */ = {isa = PBXFileReference; lastKnownFileType = sourcecode.c.objc; path = ViewController.m; sourceTree = "<group>"; };
		95FD425821AE71E3004082DA /* Base */ = {isa = PBXFileReference; lastKnownFileType = file.storyboard; name = Base; path = Base.lproj/Main.storyboard; sourceTree = "<group>"; };
		95FD425A21AE7223004082DA /* Assets.xcassets */ = {isa = PBXFileReference; lastKnownFileType = folder.assetcatalog; path = Assets.xcassets; sourceTree = "<group>"; };
		95FD425D21AE7223004082DA /* Base */ = {isa = PBXFileReference; lastKnownFileType = file.storyboard; name = Base; path = Base.lproj/LaunchScreen.storyboard; sourceTree = "<group>"; };
		95FD425F21AE7223004082DA /* Info.plist */ = {isa = PBXFileReference; lastKnownFileType = text.plist.xml; path = Info.plist; sourceTree = "<group>"; };
		95FD426021AE7223004082DA /* main.m */ = {isa = PBXFileReference; lastKnownFileType = sourcecode.c.objc; path = main.m; sourceTree = "<group>"; };
		95FD426721AE74A1004082DA /* UIView+SubtractMask.h */ = {isa = PBXFileReference; lastKnownFileType = sourcecode.c.h; path = "UIView+SubtractMask.h"; sourceTree = "<group>"; };
		95FD426821AE74A1004082DA /* UIView+SubtractMask.m */ = {isa = PBXFileReference; lastKnownFileType = sourcecode.c.objc; path = "UIView+SubtractMask.m"; sourceTree = "<group>"; };
/* End PBXFileReference section */

/* Begin PBXFrameworksBuildPhase section */
		95FD424B21AE71E1004082DA /* Frameworks */ = {
			isa = PBXFrameworksBuildPhase;
			buildActionMask = 2147483647;
			files = (
			);
			runOnlyForDeploymentPostprocessing = 0;
		};
/* End PBXFrameworksBuildPhase section */

/* Begin PBXGroup section */
		95FD424521AE71E0004082DA = {
			isa = PBXGroup;
			children = (
				95FD425021AE71E2004082DA /* HollowOutDemo */,
				95FD424F21AE71E2004082DA /* Products */,
			);
			sourceTree = "<group>";
		};
		95FD424F21AE71E2004082DA /* Products */ = {
			isa = PBXGroup;
			children = (
				95FD424E21AE71E2004082DA /* HollowOutDemo.app */,
			);
			name = Products;
			sourceTree = "<group>";
		};
		95FD425021AE71E2004082DA /* HollowOutDemo */ = {
			isa = PBXGroup;
			children = (
				95FD425121AE71E2004082DA /* AppDelegate.h */,
				95FD425221AE71E2004082DA /* AppDelegate.m */,
				95FD425421AE71E2004082DA /* ViewController.h */,
				95FD425521AE71E3004082DA /* ViewController.m */,
				95FD426721AE74A1004082DA /* UIView+SubtractMask.h */,
				95FD426821AE74A1004082DA /* UIView+SubtractMask.m */,
				95FD425721AE71E3004082DA /* Main.storyboard */,
				95FD425A21AE7223004082DA /* Assets.xcassets */,
				95FD425C21AE7223004082DA /* LaunchScreen.storyboard */,
				95FD425F21AE7223004082DA /* Info.plist */,
				95FD426021AE7223004082DA /* main.m */,
			);
			path = HollowOutDemo;
			sourceTree = "<group>";
		};
/* End PBXGroup section */

/* Begin PBXNativeTarget section */
		95FD424D21AE71E1004082DA /* HollowOutDemo */ = {
			isa = PBXNativeTarget;
			buildConfigurationList = 95FD426421AE7223004082DA /* Build configuration list for PBXNativeTarget "HollowOutDemo" */;
			buildPhases = (
				95FD424A21AE71E1004082DA /* Sources */,
				95FD424B21AE71E1004082DA /* Frameworks */,
				95FD424C21AE71E1004082DA /* Resources */,
			);
			buildRules = (
			);
			dependencies = (
			);
			name = HollowOutDemo;
			productName = HollowOutDemo;
			productReference = 95FD424E21AE71E2004082DA /* HollowOutDemo.app */;
			productType = "com.apple.product-type.application";
		};
/* End PBXNativeTarget section */

/* Begin PBXProject section */
		95FD424621AE71E0004082DA /* Project object */ = {
			isa = PBXProject;
			attributes = {
				LastUpgradeCheck = 1010;
				ORGANIZATIONNAME = "惠上科技";
				TargetAttributes = {
					95FD424D21AE71E1004082DA = {
						CreatedOnToolsVersion = 10.1;
					};
				};
			};
			buildConfigurationList = 95FD424921AE71E0004082DA /* Build configuration list for PBXProject "HollowOutDemo" */;
			compatibilityVersion = "Xcode 9.3";
			developmentRegion = en;
			hasScannedForEncodings = 0;
			knownRegions = (
				en,
				Base,
			);
			mainGroup = 95FD424521AE71E0004082DA;
			productRefGroup = 95FD424F21AE71E2004082DA /* Products */;
			projectDirPath = "";
			projectRoot = "";
			targets = (
				95FD424D21AE71E1004082DA /* HollowOutDemo */,
			);
		};
/* End PBXProject section */

/* Begin PBXResourcesBuildPhase section */
		95FD424C21AE71E1004082DA /* Resources */ = {
			isa = PBXResourcesBuildPhase;
			buildActionMask = 2147483647;
			files = (
				95FD425E21AE7223004082DA /* LaunchScreen.storyboard in Resources */,
				95FD425B21AE7223004082DA /* Assets.xcassets in Resources */,
				95FD425921AE71E3004082DA /* Main.storyboard in Resources */,
			);
			runOnlyForDeploymentPostprocessing = 0;
		};
/* End PBXResourcesBuildPhase section */

/* Begin PBXSourcesBuildPhase section */
		95FD424A21AE71E1004082DA /* Sources */ = {
			isa = PBXSourcesBuildPhase;
			buildActionMask = 2147483647;
			files = (
				95FD426921AE74A1004082DA /* UIView+SubtractMask.m in Sources */,
				95FD425621AE71E3004082DA /* ViewController.m in Sources */,
				95FD426121AE7223004082DA /* main.m in Sources */,
				95FD425321AE71E2004082DA /* AppDelegate.m in Sources */,
			);
			runOnlyForDeploymentPostprocessing = 0;
		};
/* End PBXSourcesBuildPhase section */

/* Begin PBXVariantGroup section */
		95FD425721AE71E3004082DA /* Main.storyboard */ = {
			isa = PBXVariantGroup;
			children = (
				95FD425821AE71E3004082DA /* Base */,
			);
			name = Main.storyboard;
			sourceTree = "<group>";
		};
		95FD425C21AE7223004082DA /* LaunchScreen.storyboard */ = {
			isa = PBXVariantGroup;
			children = (
				95FD425D21AE7223004082DA /* Base */,
			);
			name = LaunchScreen.storyboard;
			sourceTree = "<group>";
		};
/* End PBXVariantGroup section */

/* Begin XCBuildConfiguration section */
		95FD426221AE7223004082DA /* Debug */ = {
			isa = XCBuildConfiguration;
			buildSettings = {
				ALWAYS_SEARCH_USER_PATHS = NO;
				CLANG_ANALYZER_NONNULL = YES;
				CLANG_ANALYZER_NUMBER_OBJECT_CONVERSION = YES_AGGRESSIVE;
				CLANG_CXX_LANGUAGE_STANDARD = "gnu++14";
				CLANG_CXX_LIBRARY = "libc++";
				CLANG_ENABLE_MODULES = YES;
				CLANG_ENABLE_OBJC_ARC = YES;
				CLANG_ENABLE_OBJC_WEAK = YES;
				CLANG_WARN_BLOCK_CAPTURE_AUTORELEASING = YES;
				CLANG_WARN_BOOL_CONVERSION = YES;
				CLANG_WARN_COMMA = YES;
				CLANG_WARN_CONSTANT_CONVERSION = YES;
				CLANG_WARN_DEPRECATED_OBJC_IMPLEMENTATIONS = YES;
				CLANG_WARN_DIRECT_OBJC_ISA_USAGE = YES_ERROR;
				CLANG_WARN_DOCUMENTATION_COMMENTS = YES;
				CLANG_WARN_EMPTY_BODY = YES;
				CLANG_WARN_ENUM_CONVERSION = YES;
				CLANG_WARN_INFINITE_RECURSION = YES;
				CLANG_WARN_INT_CONVERSION = YES;
				CLANG_WARN_NON_LITERAL_NULL_CONVERSION = YES;
				CLANG_WARN_OBJC_IMPLICIT_RETAIN_SELF = YES;
				CLANG_WARN_OBJC_LITERAL_CONVERSION = YES;
				CLANG_WARN_OBJC_ROOT_CLASS = YES_ERROR;
				CLANG_WARN_RANGE_LOOP_ANALYSIS = YES;
				CLANG_WARN_STRICT_PROTOTYPES = YES;
				CLANG_WARN_SUSPICIOUS_MOVE = YES;
				CLANG_WARN_UNGUARDED_AVAILABILITY = YES_AGGRESSIVE;
				CLANG_WARN_UNREACHABLE_CODE = YES;
				CLANG_WARN__DUPLICATE_METHOD_MATCH = YES;
				CODE_SIGN_IDENTITY = "iPhone Developer";
				COPY_PHASE_STRIP = NO;
				DEBUG_INFORMATION_FORMAT = dwarf;
				ENABLE_STRICT_OBJC_MSGSEND = YES;
				ENABLE_TESTABILITY = YES;
				GCC_C_LANGUAGE_STANDARD = gnu11;
				GCC_DYNAMIC_NO_PIC = NO;
				GCC_NO_COMMON_BLOCKS = YES;
				GCC_OPTIMIZATION_LEVEL = 0;
				GCC_PREPROCESSOR_DEFINITIONS = (
					"DEBUG=1",
					"$(inherited)",
				);
				GCC_WARN_64_TO_32_BIT_CONVERSION = YES;
				GCC_WARN_ABOUT_RETURN_TYPE = YES_ERROR;
				GCC_WARN_UNDECLARED_SELECTOR = YES;
				GCC_WARN_UNINITIALIZED_AUTOS = YES_AGGRESSIVE;
				GCC_WARN_UNUSED_FUNCTION = YES;
				GCC_WARN_UNUSED_VARIABLE = YES;
				IPHONEOS_DEPLOYMENT_TARGET = 12.1;
				MTL_ENABLE_DEBUG_INFO = INCLUDE_SOURCE;
				MTL_FAST_MATH = YES;
				ONLY_ACTIVE_ARCH = YES;
				SDKROOT = iphoneos;
			};
			name = Debug;
		};
		95FD426321AE7223004082DA /* Release */ = {
			isa = XCBuildConfiguration;
			buildSettings = {
				ALWAYS_SEARCH_USER_PATHS = NO;
				CLANG_ANALYZER_NONNULL = YES;
				CLANG_ANALYZER_NUMBER_OBJECT_CONVERSION = YES_AGGRESSIVE;
				CLANG_CXX_LANGUAGE_STANDARD = "gnu++14";
				CLANG_CXX_LIBRARY = "libc++";
				CLANG_ENABLE_MODULES = YES;
				CLANG_ENABLE_OBJC_ARC = YES;
				CLANG_ENABLE_OBJC_WEAK = YES;
				CLANG_WARN_BLOCK_CAPTURE_AUTORELEASING = YES;
				CLANG_WARN_BOOL_CONVERSION = YES;
				CLANG_WARN_COMMA = YES;
				CLANG_WARN_CONSTANT_CONVERSION = YES;
				CLANG_WARN_DEPRECATED_OBJC_IMPLEMENTATIONS = YES;
				CLANG_WARN_DIRECT_OBJC_ISA_USAGE = YES_ERROR;
				CLANG_WARN_DOCUMENTATION_COMMENTS = YES;
				CLANG_WARN_EMPTY_BODY = YES;
				CLANG_WARN_ENUM_CONVERSION = YES;
				CLANG_WARN_INFINITE_RECURSION = YES;
				CLANG_WARN_INT_CONVERSION = YES;
				CLANG_WARN_NON_LITERAL_NULL_CONVERSION = YES;
				CLANG_WARN_OBJC_IMPLICIT_RETAIN_SELF = YES;
				CLANG_WARN_OBJC_LITERAL_CONVERSION = YES;
				CLANG_WARN_OBJC_ROOT_CLASS = YES_ERROR;
				CLANG_WARN_RANGE_LOOP_ANALYSIS = YES;
				CLANG_WARN_STRICT_PROTOTYPES = YES;
				CLANG_WARN_SUSPICIOUS_MOVE = YES;
				CLANG_WARN_UNGUARDED_AVAILABILITY = YES_AGGRESSIVE;
				CLANG_WARN_UNREACHABLE_CODE = YES;
				CLANG_WARN__DUPLICATE_METHOD_MATCH = YES;
				CODE_SIGN_IDENTITY = "iPhone Developer";
				COPY_PHASE_STRIP = NO;
				DEBUG_INFORMATION_FORMAT = "dwarf-with-dsym";
				ENABLE_NS_ASSERTIONS = NO;
				ENABLE_STRICT_OBJC_MSGSEND = YES;
				GCC_C_LANGUAGE_STANDARD = gnu11;
				GCC_NO_COMMON_BLOCKS = YES;
				GCC_WARN_64_TO_32_BIT_CONVERSION = YES;
				GCC_WARN_ABOUT_RETURN_TYPE = YES_ERROR;
				GCC_WARN_UNDECLARED_SELECTOR = YES;
				GCC_WARN_UNINITIALIZED_AUTOS = YES_AGGRESSIVE;
				GCC_WARN_UNUSED_FUNCTION = YES;
				GCC_WARN_UNUSED_VARIABLE = YES;
				IPHONEOS_DEPLOYMENT_TARGET = 12.1;
				MTL_ENABLE_DEBUG_INFO = NO;
				MTL_FAST_MATH = YES;
				SDKROOT = iphoneos;
				VALIDATE_PRODUCT = YES;
			};
			name = Release;
		};
		95FD426521AE7223004082DA /* Debug */ = {
			isa = XCBuildConfiguration;
			buildSettings = {
				ASSETCATALOG_COMPILER_APPICON_NAME = AppIcon;
				CODE_SIGN_STYLE = Automatic;
				DEVELOPMENT_TEAM = G6T64B2XPF;
				INFOPLIST_FILE = HollowOutDemo/Info.plist;
				LD_RUNPATH_SEARCH_PATHS = (
					"$(inherited)",
					"@executable_path/Frameworks",
				);
				PRODUCT_BUNDLE_IDENTIFIER = HuiShangKeJi.HollowOutDemo;
				PRODUCT_NAME = "$(TARGET_NAME)";
				TARGETED_DEVICE_FAMILY = "1,2";
			};
			name = Debug;
		};
		95FD426621AE7223004082DA /* Release */ = {
			isa = XCBuildConfiguration;
			buildSettings = {
				ASSETCATALOG_COMPILER_APPICON_NAME = AppIcon;
				CODE_SIGN_STYLE = Automatic;
				DEVELOPMENT_TEAM = G6T64B2XPF;
				INFOPLIST_FILE = HollowOutDemo/Info.plist;
				LD_RUNPATH_SEARCH_PATHS = (
					"$(inherited)",
					"@executable_path/Frameworks",
				);
				PRODUCT_BUNDLE_IDENTIFIER = HuiShangKeJi.HollowOutDemo;
				PRODUCT_NAME = "$(TARGET_NAME)";
				TARGETED_DEVICE_FAMILY = "1,2";
			};
			name = Release;
		};
/* End XCBuildConfiguration section */

/* Begin XCConfigurationList section */
		95FD424921AE71E0004082DA /* Build configuration list for PBXProject "HollowOutDemo" */ = {
			isa = XCConfigurationList;
			buildConfigurations = (
				95FD426221AE7223004082DA /* Debug */,
				95FD426321AE7223004082DA /* Release */,
			);
			defaultConfigurationIsVisible = 0;
			defaultConfigurationName = Release;
		};
		95FD426421AE7223004082DA /* Build configuration list for PBXNativeTarget "HollowOutDemo" */ = {
			isa = XCConfigurationList;
			buildConfigurations = (
				95FD426521AE7223004082DA /* Debug */,
				95FD426621AE7223004082DA /* Release */,
			);
			defaultConfigurationIsVisible = 0;
			defaultConfigurationName = Release;
		};
/* End XCConfigurationList section */
	};
	rootObject = 95FD424621AE71E0004082DA /* Project object */;
}
